// !$*UTF8*$!
{
	archiveVersion = 1;
	classes = {
	};
	objectVersion = 50;
	objects = {

/* Begin PBXBuildFile section */
		7026035B27217C730099C79A /* AppDelegate.swift in Sources */ = {isa = PBXBuildFile; fileRef = 7026035A27217C730099C79A /* AppDelegate.swift */; };
		7026035D27217C730099C79A /* SceneDelegate.swift in Sources */ = {isa = PBXBuildFile; fileRef = 7026035C27217C730099C79A /* SceneDelegate.swift */; };
		7026036427217C740099C79A /* Assets.xcassets in Resources */ = {isa = PBXBuildFile; fileRef = 7026036327217C740099C79A /* Assets.xcassets */; };
		7026037827217DA60099C79A /* FirstViewController.swift in Sources */ = {isa = PBXBuildFile; fileRef = 7026037727217DA60099C79A /* FirstViewController.swift */; };
		7026037D27217E830099C79A /* FourthViewController.swift in Sources */ = {isa = PBXBuildFile; fileRef = 7026037A27217E830099C79A /* FourthViewController.swift */; };
		7026037E27217E830099C79A /* SecondViewController.swift in Sources */ = {isa = PBXBuildFile; fileRef = 7026037B27217E830099C79A /* SecondViewController.swift */; };
		7026037F27217E830099C79A /* ThirdViewController.swift in Sources */ = {isa = PBXBuildFile; fileRef = 7026037C27217E830099C79A /* ThirdViewController.swift */; };
		7026038327217E910099C79A /* LaunchScreen.storyboard in Resources */ = {isa = PBXBuildFile; fileRef = 7026038127217E910099C79A /* LaunchScreen.storyboard */; };
		7026038427217E910099C79A /* Main.storyboard in Resources */ = {isa = PBXBuildFile; fileRef = 7026038227217E910099C79A /* Main.storyboard */; };
		7026038C272190080099C79A /* BaseViewController.swift in Sources */ = {isa = PBXBuildFile; fileRef = 7026038B272190080099C79A /* BaseViewController.swift */; };
		7026039B272247170099C79A /* FifthViewController.swift in Sources */ = {isa = PBXBuildFile; fileRef = 7026039A272247170099C79A /* FifthViewController.swift */; };
		702603FC27227FF30099C79A /* TomatoStepProgress.framework in Frameworks */ = {isa = PBXBuildFile; fileRef = 702603FA27227FEC0099C79A /* TomatoStepProgress.framework */; };
		702603FD27227FF30099C79A /* TomatoStepProgress.framework in Embed Frameworks */ = {isa = PBXBuildFile; fileRef = 702603FA27227FEC0099C79A /* TomatoStepProgress.framework */; settings = {ATTRIBUTES = (CodeSignOnCopy, RemoveHeadersOnCopy, ); }; };
/* End PBXBuildFile section */

/* Begin PBXContainerItemProxy section */
		702603F927227FEC0099C79A /* PBXContainerItemProxy */ = {
			isa = PBXContainerItemProxy;
			containerPortal = 702603F527227FEC0099C79A /* TomatoStepProgress.xcodeproj */;
			proxyType = 2;
			remoteGlobalIDString = 702603AA27226EBB0099C79A;
			remoteInfo = TomatoStepProgress;
		};
/* End PBXContainerItemProxy section */

/* Begin PBXCopyFilesBuildPhase section */
		702603CA27226FC60099C79A /* Embed Frameworks */ = {
			isa = PBXCopyFilesBuildPhase;
			buildActionMask = 2147483647;
			dstPath = "";
			dstSubfolderSpec = 10;
			files = (
				702603FD27227FF30099C79A /* TomatoStepProgress.framework in Embed Frameworks */,
			);
			name = "Embed Frameworks";
			runOnlyForDeploymentPostprocessing = 0;
		};
/* End PBXCopyFilesBuildPhase section */

/* Begin PBXFileReference section */
		7026035727217C730099C79A /* TomatoTopProgress.app */ = {isa = PBXFileReference; explicitFileType = wrapper.application; includeInIndex = 0; path = TomatoTopProgress.app; sourceTree = BUILT_PRODUCTS_DIR; };
		7026035A27217C730099C79A /* AppDelegate.swift */ = {isa = PBXFileReference; lastKnownFileType = sourcecode.swift; path = AppDelegate.swift; sourceTree = "<group>"; };
		7026035C27217C730099C79A /* SceneDelegate.swift */ = {isa = PBXFileReference; lastKnownFileType = sourcecode.swift; path = SceneDelegate.swift; sourceTree = "<group>"; };
		7026036327217C740099C79A /* Assets.xcassets */ = {isa = PBXFileReference; lastKnownFileType = folder.assetcatalog; path = Assets.xcassets; sourceTree = "<group>"; };
		7026036827217C740099C79A /* Info.plist */ = {isa = PBXFileReference; lastKnownFileType = text.plist.xml; path = Info.plist; sourceTree = "<group>"; };
		7026037727217DA60099C79A /* FirstViewController.swift */ = {isa = PBXFileReference; fileEncoding = 4; lastKnownFileType = sourcecode.swift; name = FirstViewController.swift; path = ViewController/FirstViewController.swift; sourceTree = "<group>"; };
		7026037A27217E830099C79A /* FourthViewController.swift */ = {isa = PBXFileReference; fileEncoding = 4; lastKnownFileType = sourcecode.swift; name = FourthViewController.swift; path = ViewController/FourthViewController.swift; sourceTree = "<group>"; };
		7026037B27217E830099C79A /* SecondViewController.swift */ = {isa = PBXFileReference; fileEncoding = 4; lastKnownFileType = sourcecode.swift; name = SecondViewController.swift; path = ViewController/SecondViewController.swift; sourceTree = "<group>"; };
		7026037C27217E830099C79A /* ThirdViewController.swift */ = {isa = PBXFileReference; fileEncoding = 4; lastKnownFileType = sourcecode.swift; name = ThirdViewController.swift; path = ViewController/ThirdViewController.swift; sourceTree = "<group>"; };
		7026038127217E910099C79A /* LaunchScreen.storyboard */ = {isa = PBXFileReference; fileEncoding = 4; lastKnownFileType = file.storyboard; name = LaunchScreen.storyboard; path = Storyboard/LaunchScreen.storyboard; sourceTree = "<group>"; };
		7026038227217E910099C79A /* Main.storyboard */ = {isa = PBXFileReference; fileEncoding = 4; lastKnownFileType = file.storyboard; name = Main.storyboard; path = Storyboard/Main.storyboard; sourceTree = "<group>"; };
		7026038B272190080099C79A /* BaseViewController.swift */ = {isa = PBXFileReference; lastKnownFileType = sourcecode.swift; name = BaseViewController.swift; path = ViewController/BaseViewController.swift; sourceTree = "<group>"; };
		7026039A272247170099C79A /* FifthViewController.swift */ = {isa = PBXFileReference; fileEncoding = 4; lastKnownFileType = sourcecode.swift; name = FifthViewController.swift; path = ViewController/FifthViewController.swift; sourceTree = "<group>"; };
		702603F527227FEC0099C79A /* TomatoStepProgress.xcodeproj */ = {isa = PBXFileReference; lastKnownFileType = "wrapper.pb-project"; name = TomatoStepProgress.xcodeproj; path = TomatoTopProgress/TomatoStepProgressFramework/TomatoStepProgress.xcodeproj; sourceTree = "<group>"; };
/* End PBXFileReference section */

/* Begin PBXFrameworksBuildPhase section */
		7026035427217C730099C79A /* Frameworks */ = {
			isa = PBXFrameworksBuildPhase;
			buildActionMask = 2147483647;
			files = (
				702603FC27227FF30099C79A /* TomatoStepProgress.framework in Frameworks */,
			);
			runOnlyForDeploymentPostprocessing = 0;
		};
/* End PBXFrameworksBuildPhase section */

/* Begin PBXGroup section */
		7026034E27217C730099C79A = {
			isa = PBXGroup;
			children = (
				702603F527227FEC0099C79A /* TomatoStepProgress.xcodeproj */,
				7026035927217C730099C79A /* TomatoTopProgress */,
				7026035827217C730099C79A /* Products */,
				702603C727226FC60099C79A /* Frameworks */,
			);
			sourceTree = "<group>";
		};
		7026035827217C730099C79A /* Products */ = {
			isa = PBXGroup;
			children = (
				7026035727217C730099C79A /* TomatoTopProgress.app */,
			);
			name = Products;
			sourceTree = "<group>";
		};
		7026035927217C730099C79A /* TomatoTopProgress */ = {
			isa = PBXGroup;
			children = (
				7026035A27217C730099C79A /* AppDelegate.swift */,
				7026035C27217C730099C79A /* SceneDelegate.swift */,
				7026037527217CC50099C79A /* ViewController */,
				7026036327217C740099C79A /* Assets.xcassets */,
				7026036827217C740099C79A /* Info.plist */,
			);
			path = TomatoTopProgress;
			sourceTree = "<group>";
		};
		7026037427217CC40099C79A /* Storyboard */ = {
			isa = PBXGroup;
			children = (
				7026038227217E910099C79A /* Main.storyboard */,
				7026038127217E910099C79A /* LaunchScreen.storyboard */,
			);
			name = Storyboard;
			sourceTree = "<group>";
		};
		7026037527217CC50099C79A /* ViewController */ = {
			isa = PBXGroup;
			children = (
				7026038B272190080099C79A /* BaseViewController.swift */,
				7026037727217DA60099C79A /* FirstViewController.swift */,
				7026037B27217E830099C79A /* SecondViewController.swift */,
				7026037C27217E830099C79A /* ThirdViewController.swift */,
				7026037A27217E830099C79A /* FourthViewController.swift */,
				7026039A272247170099C79A /* FifthViewController.swift */,
				7026037427217CC40099C79A /* Storyboard */,
			);
			name = ViewController;
			sourceTree = "<group>";
		};
		702603C727226FC60099C79A /* Frameworks */ = {
			isa = PBXGroup;
			children = (
			);
			name = Frameworks;
			sourceTree = "<group>";
		};
		702603F627227FEC0099C79A /* Products */ = {
			isa = PBXGroup;
			children = (
				702603FA27227FEC0099C79A /* TomatoStepProgress.framework */,
			);
			name = Products;
			sourceTree = "<group>";
		};
/* End PBXGroup section */

/* Begin PBXNativeTarget section */
		7026035627217C730099C79A /* TomatoTopProgress */ = {
			isa = PBXNativeTarget;
			buildConfigurationList = 7026036B27217C740099C79A /* Build configuration list for PBXNativeTarget "TomatoTopProgress" */;
			buildPhases = (
				7026035327217C730099C79A /* Sources */,
				7026035427217C730099C79A /* Frameworks */,
				7026035527217C730099C79A /* Resources */,
				702603CA27226FC60099C79A /* Embed Frameworks */,
			);
			buildRules = (
			);
			dependencies = (
			);
			name = TomatoTopProgress;
			productName = TomatoTopProgress;
			productReference = 7026035727217C730099C79A /* TomatoTopProgress.app */;
			productType = "com.apple.product-type.application";
		};
/* End PBXNativeTarget section */

/* Begin PBXProject section */
		7026034F27217C730099C79A /* Project object */ = {
			isa = PBXProject;
			attributes = {
				LastSwiftUpdateCheck = 1240;
				LastUpgradeCheck = 1240;
				TargetAttributes = {
					7026035627217C730099C79A = {
						CreatedOnToolsVersion = 12.4;
					};
				};
			};
			buildConfigurationList = 7026035227217C730099C79A /* Build configuration list for PBXProject "TomatoTopProgress" */;
			compatibilityVersion = "Xcode 9.3";
			developmentRegion = en;
			hasScannedForEncodings = 0;
			knownRegions = (
				en,
				Base,
			);
			mainGroup = 7026034E27217C730099C79A;
			productRefGroup = 7026035827217C730099C79A /* Products */;
			projectDirPath = "";
			projectReferences = (
				{
					ProductGroup = 702603F627227FEC0099C79A /* Products */;
					ProjectRef = 702603F527227FEC0099C79A /* TomatoStepProgress.xcodeproj */;
				},
			);
			projectRoot = "";
			targets = (
				7026035627217C730099C79A /* TomatoTopProgress */,
			);
		};
/* End PBXProject section */

/* Begin PBXReferenceProxy section */
		702603FA27227FEC0099C79A /* TomatoStepProgress.framework */ = {
			isa = PBXReferenceProxy;
			fileType = wrapper.framework;
			path = TomatoStepProgress.framework;
			remoteRef = 702603F927227FEC0099C79A /* PBXContainerItemProxy */;
			sourceTree = BUILT_PRODUCTS_DIR;
		};
/* End PBXReferenceProxy section */

/* Begin PBXResourcesBuildPhase section */
		7026035527217C730099C79A /* Resources */ = {
			isa = PBXResourcesBuildPhase;
			buildActionMask = 2147483647;
			files = (
				7026038427217E910099C79A /* Main.storyboard in Resources */,
				7026036427217C740099C79A /* Assets.xcassets in Resources */,
				7026038327217E910099C79A /* LaunchScreen.storyboard in Resources */,
			);
			runOnlyForDeploymentPostprocessing = 0;
		};
/* End PBXResourcesBuildPhase section */

/* Begin PBXSourcesBuildPhase section */
		7026035327217C730099C79A /* Sources */ = {
			isa = PBXSourcesBuildPhase;
			buildActionMask = 2147483647;
			files = (
				7026037D27217E830099C79A /* FourthViewController.swift in Sources */,
				7026035B27217C730099C79A /* AppDelegate.swift in Sources */,
				7026039B272247170099C79A /* FifthViewController.swift in Sources */,
				7026037F27217E830099C79A /* ThirdViewController.swift in Sources */,
				7026035D27217C730099C79A /* SceneDelegate.swift in Sources */,
				7026037827217DA60099C79A /* FirstViewController.swift in Sources */,
				7026038C272190080099C79A /* BaseViewController.swift in Sources */,
				7026037E27217E830099C79A /* SecondViewController.swift in Sources */,
			);
			runOnlyForDeploymentPostprocessing = 0;
		};
/* End PBXSourcesBuildPhase section */

/* Begin XCBuildConfiguration section */
		7026036927217C740099C79A /* Debug */ = {
			isa = XCBuildConfiguration;
			buildSettings = {
				ALWAYS_SEARCH_USER_PATHS = NO;
				CLANG_ANALYZER_NONNULL = YES;
				CLANG_ANALYZER_NUMBER_OBJECT_CONVERSION = YES_AGGRESSIVE;
				CLANG_CXX_LANGUAGE_STANDARD = "gnu++14";
				CLANG_CXX_LIBRARY = "libc++";
				CLANG_ENABLE_MODULES = YES;
				CLANG_ENABLE_OBJC_ARC = YES;
				CLANG_ENABLE_OBJC_WEAK = YES;
				CLANG_WARN_BLOCK_CAPTURE_AUTORELEASING = YES;
				CLANG_WARN_BOOL_CONVERSION = YES;
				CLANG_WARN_COMMA = YES;
				CLANG_WARN_CONSTANT_CONVERSION = YES;
				CLANG_WARN_DEPRECATED_OBJC_IMPLEMENTATIONS = YES;
				CLANG_WARN_DIRECT_OBJC_ISA_USAGE = YES_ERROR;
				CLANG_WARN_DOCUMENTATION_COMMENTS = YES;
				CLANG_WARN_EMPTY_BODY = YES;
				CLANG_WARN_ENUM_CONVERSION = YES;
				CLANG_WARN_INFINITE_RECURSION = YES;
				CLANG_WARN_INT_CONVERSION = YES;
				CLANG_WARN_NON_LITERAL_NULL_CONVERSION = YES;
				CLANG_WARN_OBJC_IMPLICIT_RETAIN_SELF = YES;
				CLANG_WARN_OBJC_LITERAL_CONVERSION = YES;
				CLANG_WARN_OBJC_ROOT_CLASS = YES_ERROR;
				CLANG_WARN_QUOTED_INCLUDE_IN_FRAMEWORK_HEADER = YES;
				CLANG_WARN_RANGE_LOOP_ANALYSIS = YES;
				CLANG_WARN_STRICT_PROTOTYPES = YES;
				CLANG_WARN_SUSPICIOUS_MOVE = YES;
				CLANG_WARN_UNGUARDED_AVAILABILITY = YES_AGGRESSIVE;
				CLANG_WARN_UNREACHABLE_CODE = YES;
				CLANG_WARN__DUPLICATE_METHOD_MATCH = YES;
				COPY_PHASE_STRIP = NO;
				DEBUG_INFORMATION_FORMAT = dwarf;
				ENABLE_STRICT_OBJC_MSGSEND = YES;
				ENABLE_TESTABILITY = YES;
				GCC_C_LANGUAGE_STANDARD = gnu11;
				GCC_DYNAMIC_NO_PIC = NO;
				GCC_NO_COMMON_BLOCKS = YES;
				GCC_OPTIMIZATION_LEVEL = 0;
				GCC_PREPROCESSOR_DEFINITIONS = (
					"DEBUG=1",
					"$(inherited)",
				);
				GCC_WARN_64_TO_32_BIT_CONVERSION = YES;
				GCC_WARN_ABOUT_RETURN_TYPE = YES_ERROR;
				GCC_WARN_UNDECLARED_SELECTOR = YES;
				GCC_WARN_UNINITIALIZED_AUTOS = YES_AGGRESSIVE;
				GCC_WARN_UNUSED_FUNCTION = YES;
				GCC_WARN_UNUSED_VARIABLE = YES;
				IPHONEOS_DEPLOYMENT_TARGET = 13.0;
				MTL_ENABLE_DEBUG_INFO = INCLUDE_SOURCE;
				MTL_FAST_MATH = YES;
				ONLY_ACTIVE_ARCH = YES;
				SDKROOT = iphoneos;
				SWIFT_ACTIVE_COMPILATION_CONDITIONS = DEBUG;
				SWIFT_OPTIMIZATION_LEVEL = "-Onone";
			};
			name = Debug;
		};
		7026036A27217C740099C79A /* Release */ = {
			isa = XCBuildConfiguration;
			buildSettings = {
				ALWAYS_SEARCH_USER_PATHS = NO;
				CLANG_ANALYZER_NONNULL = YES;
				CLANG_ANALYZER_NUMBER_OBJECT_CONVERSION = YES_AGGRESSIVE;
				CLANG_CXX_LANGUAGE_STANDARD = "gnu++14";
				CLANG_CXX_LIBRARY = "libc++";
				CLANG_ENABLE_MODULES = YES;
				CLANG_ENABLE_OBJC_ARC = YES;
				CLANG_ENABLE_OBJC_WEAK = YES;
				CLANG_WARN_BLOCK_CAPTURE_AUTORELEASING = YES;
				CLANG_WARN_BOOL_CONVERSION = YES;
				CLANG_WARN_COMMA = YES;
				CLANG_WARN_CONSTANT_CONVERSION = YES;
				CLANG_WARN_DEPRECATED_OBJC_IMPLEMENTATIONS = YES;
				CLANG_WARN_DIRECT_OBJC_ISA_USAGE = YES_ERROR;
				CLANG_WARN_DOCUMENTATION_COMMENTS = YES;
				CLANG_WARN_EMPTY_BODY = YES;
				CLANG_WARN_ENUM_CONVERSION = YES;
				CLANG_WARN_INFINITE_RECURSION = YES;
				CLANG_WARN_INT_CONVERSION = YES;
				CLANG_WARN_NON_LITERAL_NULL_CONVERSION = YES;
				CLANG_WARN_OBJC_IMPLICIT_RETAIN_SELF = YES;
				CLANG_WARN_OBJC_LITERAL_CONVERSION = YES;
				CLANG_WARN_OBJC_ROOT_CLASS = YES_ERROR;
				CLANG_WARN_QUOTED_INCLUDE_IN_FRAMEWORK_HEADER = YES;
				CLANG_WARN_RANGE_LOOP_ANALYSIS = YES;
				CLANG_WARN_STRICT_PROTOTYPES = YES;
				CLANG_WARN_SUSPICIOUS_MOVE = YES;
				CLANG_WARN_UNGUARDED_AVAILABILITY = YES_AGGRESSIVE;
				CLANG_WARN_UNREACHABLE_CODE = YES;
				CLANG_WARN__DUPLICATE_METHOD_MATCH = YES;
				COPY_PHASE_STRIP = NO;
				DEBUG_INFORMATION_FORMAT = "dwarf-with-dsym";
				ENABLE_NS_ASSERTIONS = NO;
				ENABLE_STRICT_OBJC_MSGSEND = YES;
				GCC_C_LANGUAGE_STANDARD = gnu11;
				GCC_NO_COMMON_BLOCKS = YES;
				GCC_WARN_64_TO_32_BIT_CONVERSION = YES;
				GCC_WARN_ABOUT_RETURN_TYPE = YES_ERROR;
				GCC_WARN_UNDECLARED_SELECTOR = YES;
				GCC_WARN_UNINITIALIZED_AUTOS = YES_AGGRESSIVE;
				GCC_WARN_UNUSED_FUNCTION = YES;
				GCC_WARN_UNUSED_VARIABLE = YES;
				IPHONEOS_DEPLOYMENT_TARGET = 13.0;
				MTL_ENABLE_DEBUG_INFO = NO;
				MTL_FAST_MATH = YES;
				SDKROOT = iphoneos;
				SWIFT_COMPILATION_MODE = wholemodule;
				SWIFT_OPTIMIZATION_LEVEL = "-O";
				VALIDATE_PRODUCT = YES;
			};
			name = Release;
		};
		7026036C27217C740099C79A /* Debug */ = {
			isa = XCBuildConfiguration;
			buildSettings = {
				ASSETCATALOG_COMPILER_APPICON_NAME = AppIcon;
				ASSETCATALOG_COMPILER_GLOBAL_ACCENT_COLOR_NAME = AccentColor;
				CODE_SIGN_STYLE = Automatic;
				CURRENT_PROJECT_VERSION = 1000;
				DEVELOPMENT_TEAM = 9XNEX783H5;
				INFOPLIST_FILE = TomatoTopProgress/Info.plist;
				LD_RUNPATH_SEARCH_PATHS = (
					"$(inherited)",
					"@executable_path/Frameworks",
				);
				MARKETING_VERSION = 1.0.0;
				PRODUCT_BUNDLE_IDENTIFIER = net.mhvt.TomatoTopProgress;
				PRODUCT_NAME = "$(TARGET_NAME)";
				SWIFT_VERSION = 5.0;
				TARGETED_DEVICE_FAMILY = "1,2";
			};
			name = Debug;
		};
		7026036D27217C740099C79A /* Release */ = {
			isa = XCBuildConfiguration;
			buildSettings = {
				ASSETCATALOG_COMPILER_APPICON_NAME = AppIcon;
				ASSETCATALOG_COMPILER_GLOBAL_ACCENT_COLOR_NAME = AccentColor;
				CODE_SIGN_STYLE = Automatic;
				CURRENT_PROJECT_VERSION = 1000;
				DEVELOPMENT_TEAM = 9XNEX783H5;
				INFOPLIST_FILE = TomatoTopProgress/Info.plist;
				LD_RUNPATH_SEARCH_PATHS = (
					"$(inherited)",
					"@executable_path/Frameworks",
				);
				MARKETING_VERSION = 1.0.0;
				PRODUCT_BUNDLE_IDENTIFIER = net.mhvt.TomatoTopProgress;
				PRODUCT_NAME = "$(TARGET_NAME)";
				SWIFT_VERSION = 5.0;
				TARGETED_DEVICE_FAMILY = "1,2";
			};
			name = Release;
		};
/* End XCBuildConfiguration section */

/* Begin XCConfigurationList section */
		7026035227217C730099C79A /* Build configuration list for PBXProject "TomatoTopProgress" */ = {
			isa = XCConfigurationList;
			buildConfigurations = (
				7026036927217C740099C79A /* Debug */,
				7026036A27217C740099C79A /* Release */,
			);
			defaultConfigurationIsVisible = 0;
			defaultConfigurationName = Release;
		};
		7026036B27217C740099C79A /* Build configuration list for PBXNativeTarget "TomatoTopProgress" */ = {
			isa = XCConfigurationList;
			buildConfigurations = (
				7026036C27217C740099C79A /* Debug */,
				7026036D27217C740099C79A /* Release */,
			);
			defaultConfigurationIsVisible = 0;
			defaultConfigurationName = Release;
		};
/* End XCConfigurationList section */
	};
	rootObject = 7026034F27217C730099C79A /* Project object */;
}
